// !$*UTF8*$!
{
	archiveVersion = 1;
	classes = {
	};
	objectVersion = 48;
	objects = {

/* Begin PBXBuildFile section */
		9201166D21435EA9006EC588 /* AppDelegate.swift in Sources */ = {isa = PBXBuildFile; fileRef = 9201166C21435EA9006EC588 /* AppDelegate.swift */; };
		9201166F21435EA9006EC588 /* ViewController.swift in Sources */ = {isa = PBXBuildFile; fileRef = 9201166E21435EA9006EC588 /* ViewController.swift */; };
		9201167221435EA9006EC588 /* Main.storyboard in Resources */ = {isa = PBXBuildFile; fileRef = 9201167021435EA9006EC588 /* Main.storyboard */; };
		9201167421435EA9006EC588 /* Assets.xcassets in Resources */ = {isa = PBXBuildFile; fileRef = 9201167321435EA9006EC588 /* Assets.xcassets */; };
		9201167721435EA9006EC588 /* LaunchScreen.storyboard in Resources */ = {isa = PBXBuildFile; fileRef = 9201167521435EA9006EC588 /* LaunchScreen.storyboard */; };
		9201168221435EA9006EC588 /* tipHelperTests.swift in Sources */ = {isa = PBXBuildFile; fileRef = 9201168121435EA9006EC588 /* tipHelperTests.swift */; };
		9201168D21435EA9006EC588 /* tipHelperUITests.swift in Sources */ = {isa = PBXBuildFile; fileRef = 9201168C21435EA9006EC588 /* tipHelperUITests.swift */; };
/* End PBXBuildFile section */

/* Begin PBXContainerItemProxy section */
		9201167E21435EA9006EC588 /* PBXContainerItemProxy */ = {
			isa = PBXContainerItemProxy;
			containerPortal = 9201166121435EA9006EC588 /* Project object */;
			proxyType = 1;
			remoteGlobalIDString = 9201166821435EA9006EC588;
			remoteInfo = tipHelper;
		};
		9201168921435EA9006EC588 /* PBXContainerItemProxy */ = {
			isa = PBXContainerItemProxy;
			containerPortal = 9201166121435EA9006EC588 /* Project object */;
			proxyType = 1;
			remoteGlobalIDString = 9201166821435EA9006EC588;
			remoteInfo = tipHelper;
		};
/* End PBXContainerItemProxy section */

/* Begin PBXFileReference section */
		9201166921435EA9006EC588 /* tipHelper.app */ = {isa = PBXFileReference; explicitFileType = wrapper.application; includeInIndex = 0; path = tipHelper.app; sourceTree = BUILT_PRODUCTS_DIR; };
		9201166C21435EA9006EC588 /* AppDelegate.swift */ = {isa = PBXFileReference; lastKnownFileType = sourcecode.swift; path = AppDelegate.swift; sourceTree = "<group>"; };
		9201166E21435EA9006EC588 /* ViewController.swift */ = {isa = PBXFileReference; lastKnownFileType = sourcecode.swift; path = ViewController.swift; sourceTree = "<group>"; };
		9201167321435EA9006EC588 /* Assets.xcassets */ = {isa = PBXFileReference; lastKnownFileType = folder.assetcatalog; path = Assets.xcassets; sourceTree = "<group>"; };
		9201167621435EA9006EC588 /* Base */ = {isa = PBXFileReference; lastKnownFileType = file.storyboard; name = Base; path = Base.lproj/LaunchScreen.storyboard; sourceTree = "<group>"; };
		9201167821435EA9006EC588 /* Info.plist */ = {isa = PBXFileReference; lastKnownFileType = text.plist.xml; path = Info.plist; sourceTree = "<group>"; };
		9201167D21435EA9006EC588 /* tipHelperTests.xctest */ = {isa = PBXFileReference; explicitFileType = wrapper.cfbundle; includeInIndex = 0; path = tipHelperTests.xctest; sourceTree = BUILT_PRODUCTS_DIR; };
		9201168121435EA9006EC588 /* tipHelperTests.swift */ = {isa = PBXFileReference; lastKnownFileType = sourcecode.swift; path = tipHelperTests.swift; sourceTree = "<group>"; };
		9201168321435EA9006EC588 /* Info.plist */ = {isa = PBXFileReference; lastKnownFileType = text.plist.xml; path = Info.plist; sourceTree = "<group>"; };
		9201168821435EA9006EC588 /* tipHelperUITests.xctest */ = {isa = PBXFileReference; explicitFileType = wrapper.cfbundle; includeInIndex = 0; path = tipHelperUITests.xctest; sourceTree = BUILT_PRODUCTS_DIR; };
		9201168C21435EA9006EC588 /* tipHelperUITests.swift */ = {isa = PBXFileReference; lastKnownFileType = sourcecode.swift; path = tipHelperUITests.swift; sourceTree = "<group>"; };
		9201168E21435EA9006EC588 /* Info.plist */ = {isa = PBXFileReference; lastKnownFileType = text.plist.xml; path = Info.plist; sourceTree = "<group>"; };
		9239C59321519D700083569D /* zh-Hans */ = {isa = PBXFileReference; lastKnownFileType = text.plist.strings; name = "zh-Hans"; path = "zh-Hans.lproj/LaunchScreen.strings"; sourceTree = "<group>"; };
		9239C59721519F530083569D /* Base */ = {isa = PBXFileReference; lastKnownFileType = file.storyboard; name = Base; path = Base.lproj/Main.storyboard; sourceTree = "<group>"; };
/* End PBXFileReference section */

/* Begin PBXFrameworksBuildPhase section */
		9201166621435EA9006EC588 /* Frameworks */ = {
			isa = PBXFrameworksBuildPhase;
			buildActionMask = 2147483647;
			files = (
			);
			runOnlyForDeploymentPostprocessing = 0;
		};
		9201167A21435EA9006EC588 /* Frameworks */ = {
			isa = PBXFrameworksBuildPhase;
			buildActionMask = 2147483647;
			files = (
			);
			runOnlyForDeploymentPostprocessing = 0;
		};
		9201168521435EA9006EC588 /* Frameworks */ = {
			isa = PBXFrameworksBuildPhase;
			buildActionMask = 2147483647;
			files = (
			);
			runOnlyForDeploymentPostprocessing = 0;
		};
/* End PBXFrameworksBuildPhase section */

/* Begin PBXGroup section */
		9201166021435EA9006EC588 = {
			isa = PBXGroup;
			children = (
				9201166B21435EA9006EC588 /* tipHelper */,
				9201168021435EA9006EC588 /* tipHelperTests */,
				9201168B21435EA9006EC588 /* tipHelperUITests */,
				9201166A21435EA9006EC588 /* Products */,
				9201168321435EA9006EC588 /* Info.plist */,
			);
			sourceTree = "<group>";
		};
		9201166A21435EA9006EC588 /* Products */ = {
			isa = PBXGroup;
			children = (
				9201166921435EA9006EC588 /* tipHelper.app */,
				9201167D21435EA9006EC588 /* tipHelperTests.xctest */,
				9201168821435EA9006EC588 /* tipHelperUITests.xctest */,
			);
			name = Products;
			sourceTree = "<group>";
		};
		9201166B21435EA9006EC588 /* tipHelper */ = {
			isa = PBXGroup;
			children = (
				9201166C21435EA9006EC588 /* AppDelegate.swift */,
				9201166E21435EA9006EC588 /* ViewController.swift */,
				9201167021435EA9006EC588 /* Main.storyboard */,
				9201167321435EA9006EC588 /* Assets.xcassets */,
				9201167521435EA9006EC588 /* LaunchScreen.storyboard */,
				9201167821435EA9006EC588 /* Info.plist */,
			);
			path = tipHelper;
			sourceTree = "<group>";
		};
		9201168021435EA9006EC588 /* tipHelperTests */ = {
			isa = PBXGroup;
			children = (
				9201168121435EA9006EC588 /* tipHelperTests.swift */,
			);
			path = tipHelperTests;
			sourceTree = "<group>";
		};
		9201168B21435EA9006EC588 /* tipHelperUITests */ = {
			isa = PBXGroup;
			children = (
				9201168C21435EA9006EC588 /* tipHelperUITests.swift */,
				9201168E21435EA9006EC588 /* Info.plist */,
			);
			path = tipHelperUITests;
			sourceTree = "<group>";
		};
/* End PBXGroup section */

/* Begin PBXNativeTarget section */
		9201166821435EA9006EC588 /* tipHelper */ = {
			isa = PBXNativeTarget;
			buildConfigurationList = 9201169121435EA9006EC588 /* Build configuration list for PBXNativeTarget "tipHelper" */;
			buildPhases = (
				9201166521435EA9006EC588 /* Sources */,
				9201166621435EA9006EC588 /* Frameworks */,
				9201166721435EA9006EC588 /* Resources */,
			);
			buildRules = (
			);
			dependencies = (
			);
			name = tipHelper;
			productName = tipHelper;
			productReference = 9201166921435EA9006EC588 /* tipHelper.app */;
			productType = "com.apple.product-type.application";
		};
		9201167C21435EA9006EC588 /* tipHelperTests */ = {
			isa = PBXNativeTarget;
			buildConfigurationList = 9201169421435EA9006EC588 /* Build configuration list for PBXNativeTarget "tipHelperTests" */;
			buildPhases = (
				9201167921435EA9006EC588 /* Sources */,
				9201167A21435EA9006EC588 /* Frameworks */,
				9201167B21435EA9006EC588 /* Resources */,
			);
			buildRules = (
			);
			dependencies = (
				9201167F21435EA9006EC588 /* PBXTargetDependency */,
			);
			name = tipHelperTests;
			productName = tipHelperTests;
			productReference = 9201167D21435EA9006EC588 /* tipHelperTests.xctest */;
			productType = "com.apple.product-type.bundle.unit-test";
		};
		9201168721435EA9006EC588 /* tipHelperUITests */ = {
			isa = PBXNativeTarget;
			buildConfigurationList = 9201169721435EA9006EC588 /* Build configuration list for PBXNativeTarget "tipHelperUITests" */;
			buildPhases = (
				9201168421435EA9006EC588 /* Sources */,
				9201168521435EA9006EC588 /* Frameworks */,
				9201168621435EA9006EC588 /* Resources */,
			);
			buildRules = (
			);
			dependencies = (
				9201168A21435EA9006EC588 /* PBXTargetDependency */,
			);
			name = tipHelperUITests;
			productName = tipHelperUITests;
			productReference = 9201168821435EA9006EC588 /* tipHelperUITests.xctest */;
			productType = "com.apple.product-type.bundle.ui-testing";
		};
/* End PBXNativeTarget section */

/* Begin PBXProject section */
		9201166121435EA9006EC588 /* Project object */ = {
			isa = PBXProject;
			attributes = {
				LastSwiftUpdateCheck = 0900;
				LastUpgradeCheck = 0940;
				ORGANIZATIONNAME = "Ming Lei";
				TargetAttributes = {
					9201166821435EA9006EC588 = {
						CreatedOnToolsVersion = 9.0;
						ProvisioningStyle = Automatic;
					};
					9201167C21435EA9006EC588 = {
						CreatedOnToolsVersion = 9.0;
						ProvisioningStyle = Automatic;
						TestTargetID = 9201166821435EA9006EC588;
					};
					9201168721435EA9006EC588 = {
						CreatedOnToolsVersion = 9.0;
						ProvisioningStyle = Automatic;
						TestTargetID = 9201166821435EA9006EC588;
					};
				};
			};
			buildConfigurationList = 9201166421435EA9006EC588 /* Build configuration list for PBXProject "tipHelper" */;
			compatibilityVersion = "Xcode 8.0";
			developmentRegion = en;
			hasScannedForEncodings = 0;
			knownRegions = (
				en,
				Base,
			);
			mainGroup = 9201166021435EA9006EC588;
			productRefGroup = 9201166A21435EA9006EC588 /* Products */;
			projectDirPath = "";
			projectRoot = "";
			targets = (
				9201166821435EA9006EC588 /* tipHelper */,
				9201167C21435EA9006EC588 /* tipHelperTests */,
				9201168721435EA9006EC588 /* tipHelperUITests */,
			);
		};
/* End PBXProject section */

/* Begin PBXResourcesBuildPhase section */
		9201166721435EA9006EC588 /* Resources */ = {
			isa = PBXResourcesBuildPhase;
			buildActionMask = 2147483647;
			files = (
				9201167721435EA9006EC588 /* LaunchScreen.storyboard in Resources */,
				9201167421435EA9006EC588 /* Assets.xcassets in Resources */,
				9201167221435EA9006EC588 /* Main.storyboard in Resources */,
			);
			runOnlyForDeploymentPostprocessing = 0;
		};
		9201167B21435EA9006EC588 /* Resources */ = {
			isa = PBXResourcesBuildPhase;
			buildActionMask = 2147483647;
			files = (
			);
			runOnlyForDeploymentPostprocessing = 0;
		};
		9201168621435EA9006EC588 /* Resources */ = {
			isa = PBXResourcesBuildPhase;
			buildActionMask = 2147483647;
			files = (
			);
			runOnlyForDeploymentPostprocessing = 0;
		};
/* End PBXResourcesBuildPhase section */

/* Begin PBXSourcesBuildPhase section */
		9201166521435EA9006EC588 /* Sources */ = {
			isa = PBXSourcesBuildPhase;
			buildActionMask = 2147483647;
			files = (
				9201166F21435EA9006EC588 /* ViewController.swift in Sources */,
				9201166D21435EA9006EC588 /* AppDelegate.swift in Sources */,
			);
			runOnlyForDeploymentPostprocessing = 0;
		};
		9201167921435EA9006EC588 /* Sources */ = {
			isa = PBXSourcesBuildPhase;
			buildActionMask = 2147483647;
			files = (
				9201168221435EA9006EC588 /* tipHelperTests.swift in Sources */,
			);
			runOnlyForDeploymentPostprocessing = 0;
		};
		9201168421435EA9006EC588 /* Sources */ = {
			isa = PBXSourcesBuildPhase;
			buildActionMask = 2147483647;
			files = (
				9201168D21435EA9006EC588 /* tipHelperUITests.swift in Sources */,
			);
			runOnlyForDeploymentPostprocessing = 0;
		};
/* End PBXSourcesBuildPhase section */

/* Begin PBXTargetDependency section */
		9201167F21435EA9006EC588 /* PBXTargetDependency */ = {
			isa = PBXTargetDependency;
			target = 9201166821435EA9006EC588 /* tipHelper */;
			targetProxy = 9201167E21435EA9006EC588 /* PBXContainerItemProxy */;
		};
		9201168A21435EA9006EC588 /* PBXTargetDependency */ = {
			isa = PBXTargetDependency;
			target = 9201166821435EA9006EC588 /* tipHelper */;
			targetProxy = 9201168921435EA9006EC588 /* PBXContainerItemProxy */;
		};
/* End PBXTargetDependency section */

/* Begin PBXVariantGroup section */
		9201167021435EA9006EC588 /* Main.storyboard */ = {
			isa = PBXVariantGroup;
			children = (
				9239C59721519F530083569D /* Base */,
			);
			name = Main.storyboard;
			sourceTree = "<group>";
		};
		9201167521435EA9006EC588 /* LaunchScreen.storyboard */ = {
			isa = PBXVariantGroup;
			children = (
				9201167621435EA9006EC588 /* Base */,
				9239C59321519D700083569D /* zh-Hans */,
			);
			name = LaunchScreen.storyboard;
			sourceTree = "<group>";
		};
/* End PBXVariantGroup section */

/* Begin XCBuildConfiguration section */
		9201168F21435EA9006EC588 /* Debug */ = {
			isa = XCBuildConfiguration;
			buildSettings = {
				ALWAYS_SEARCH_USER_PATHS = NO;
				CLANG_ANALYZER_LOCALIZABILITY_NONLOCALIZED = YES;
				CLANG_ANALYZER_NONNULL = YES;
				CLANG_ANALYZER_NUMBER_OBJECT_CONVERSION = YES_AGGRESSIVE;
				CLANG_CXX_LANGUAGE_STANDARD = "gnu++14";
				CLANG_CXX_LIBRARY = "libc++";
				CLANG_ENABLE_MODULES = YES;
				CLANG_ENABLE_OBJC_ARC = YES;
				CLANG_WARN_BLOCK_CAPTURE_AUTORELEASING = YES;
				CLANG_WARN_BOOL_CONVERSION = YES;
				CLANG_WARN_COMMA = YES;
				CLANG_WARN_CONSTANT_CONVERSION = YES;
				CLANG_WARN_DEPRECATED_OBJC_IMPLEMENTATIONS = YES;
				CLANG_WARN_DIRECT_OBJC_ISA_USAGE = YES_ERROR;
				CLANG_WARN_DOCUMENTATION_COMMENTS = YES;
				CLANG_WARN_EMPTY_BODY = YES;
				CLANG_WARN_ENUM_CONVERSION = YES;
				CLANG_WARN_INFINITE_RECURSION = YES;
				CLANG_WARN_INT_CONVERSION = YES;
				CLANG_WARN_NON_LITERAL_NULL_CONVERSION = YES;
				CLANG_WARN_OBJC_IMPLICIT_RETAIN_SELF = YES;
				CLANG_WARN_OBJC_LITERAL_CONVERSION = YES;
				CLANG_WARN_OBJC_ROOT_CLASS = YES_ERROR;
				CLANG_WARN_RANGE_LOOP_ANALYSIS = YES;
				CLANG_WARN_STRICT_PROTOTYPES = YES;
				CLANG_WARN_SUSPICIOUS_MOVE = YES;
				CLANG_WARN_UNGUARDED_AVAILABILITY = YES_AGGRESSIVE;
				CLANG_WARN_UNREACHABLE_CODE = YES;
				CLANG_WARN__DUPLICATE_METHOD_MATCH = YES;
				CODE_SIGN_IDENTITY = "iPhone Developer";
				COPY_PHASE_STRIP = NO;
				DEBUG_INFORMATION_FORMAT = dwarf;
				ENABLE_STRICT_OBJC_MSGSEND = YES;
				ENABLE_TESTABILITY = YES;
				GCC_C_LANGUAGE_STANDARD = gnu11;
				GCC_DYNAMIC_NO_PIC = NO;
				GCC_NO_COMMON_BLOCKS = YES;
				GCC_OPTIMIZATION_LEVEL = 0;
				GCC_PREPROCESSOR_DEFINITIONS = (
					"DEBUG=1",
					"$(inherited)",
				);
				GCC_WARN_64_TO_32_BIT_CONVERSION = YES;
				GCC_WARN_ABOUT_RETURN_TYPE = YES_ERROR;
				GCC_WARN_UNDECLARED_SELECTOR = YES;
				GCC_WARN_UNINITIALIZED_AUTOS = YES_AGGRESSIVE;
				GCC_WARN_UNUSED_FUNCTION = YES;
				GCC_WARN_UNUSED_VARIABLE = YES;
				IPHONEOS_DEPLOYMENT_TARGET = 11.0;
				MTL_ENABLE_DEBUG_INFO = YES;
				ONLY_ACTIVE_ARCH = YES;
				SDKROOT = iphoneos;
				SWIFT_ACTIVE_COMPILATION_CONDITIONS = DEBUG;
				SWIFT_OPTIMIZATION_LEVEL = "-Onone";
			};
			name = Debug;
		};
		9201169021435EA9006EC588 /* Release */ = {
			isa = XCBuildConfiguration;
			buildSettings = {
				ALWAYS_SEARCH_USER_PATHS = NO;
				CLANG_ANALYZER_LOCALIZABILITY_NONLOCALIZED = YES;
				CLANG_ANALYZER_NONNULL = YES;
				CLANG_ANALYZER_NUMBER_OBJECT_CONVERSION = YES_AGGRESSIVE;
				CLANG_CXX_LANGUAGE_STANDARD = "gnu++14";
				CLANG_CXX_LIBRARY = "libc++";
				CLANG_ENABLE_MODULES = YES;
				CLANG_ENABLE_OBJC_ARC = YES;
				CLANG_WARN_BLOCK_CAPTURE_AUTORELEASING = YES;
				CLANG_WARN_BOOL_CONVERSION = YES;
				CLANG_WARN_COMMA = YES;
				CLANG_WARN_CONSTANT_CONVERSION = YES;
				CLANG_WARN_DEPRECATED_OBJC_IMPLEMENTATIONS = YES;
				CLANG_WARN_DIRECT_OBJC_ISA_USAGE = YES_ERROR;
				CLANG_WARN_DOCUMENTATION_COMMENTS = YES;
				CLANG_WARN_EMPTY_BODY = YES;
				CLANG_WARN_ENUM_CONVERSION = YES;
				CLANG_WARN_INFINITE_RECURSION = YES;
				CLANG_WARN_INT_CONVERSION = YES;
				CLANG_WARN_NON_LITERAL_NULL_CONVERSION = YES;
				CLANG_WARN_OBJC_IMPLICIT_RETAIN_SELF = YES;
				CLANG_WARN_OBJC_LITERAL_CONVERSION = YES;
				CLANG_WARN_OBJC_ROOT_CLASS = YES_ERROR;
				CLANG_WARN_RANGE_LOOP_ANALYSIS = YES;
				CLANG_WARN_STRICT_PROTOTYPES = YES;
				CLANG_WARN_SUSPICIOUS_MOVE = YES;
				CLANG_WARN_UNGUARDED_AVAILABILITY = YES_AGGRESSIVE;
				CLANG_WARN_UNREACHABLE_CODE = YES;
				CLANG_WARN__DUPLICATE_METHOD_MATCH = YES;
				CODE_SIGN_IDENTITY = "iPhone Developer";
				COPY_PHASE_STRIP = NO;
				DEBUG_INFORMATION_FORMAT = "dwarf-with-dsym";
				ENABLE_NS_ASSERTIONS = NO;
				ENABLE_STRICT_OBJC_MSGSEND = YES;
				GCC_C_LANGUAGE_STANDARD = gnu11;
				GCC_NO_COMMON_BLOCKS = YES;
				GCC_WARN_64_TO_32_BIT_CONVERSION = YES;
				GCC_WARN_ABOUT_RETURN_TYPE = YES_ERROR;
				GCC_WARN_UNDECLARED_SELECTOR = YES;
				GCC_WARN_UNINITIALIZED_AUTOS = YES_AGGRESSIVE;
				GCC_WARN_UNUSED_FUNCTION = YES;
				GCC_WARN_UNUSED_VARIABLE = YES;
				IPHONEOS_DEPLOYMENT_TARGET = 11.0;
				MTL_ENABLE_DEBUG_INFO = NO;
				SDKROOT = iphoneos;
				SWIFT_OPTIMIZATION_LEVEL = "-Owholemodule";
				VALIDATE_PRODUCT = YES;
			};
			name = Release;
		};
		9201169221435EA9006EC588 /* Debug */ = {
			isa = XCBuildConfiguration;
			buildSettings = {
				ASSETCATALOG_COMPILER_APPICON_NAME = AppIcon;
				CODE_SIGN_STYLE = Automatic;
				DEVELOPMENT_TEAM = 6P73SRPERB;
				INFOPLIST_FILE = tipHelper/Info.plist;
				LD_RUNPATH_SEARCH_PATHS = "$(inherited) @executable_path/Frameworks";
				PRODUCT_BUNDLE_IDENTIFIER = com.popoway.tipHelper;
				PRODUCT_NAME = "$(TARGET_NAME)";
				SWIFT_VERSION = 4.0;
				TARGETED_DEVICE_FAMILY = "1,2";
			};
			name = Debug;
		};
		9201169321435EA9006EC588 /* Release */ = {
			isa = XCBuildConfiguration;
			buildSettings = {
				ASSETCATALOG_COMPILER_APPICON_NAME = AppIcon;
				CODE_SIGN_STYLE = Automatic;
				DEVELOPMENT_TEAM = 6P73SRPERB;
				INFOPLIST_FILE = tipHelper/Info.plist;
				LD_RUNPATH_SEARCH_PATHS = "$(inherited) @executable_path/Frameworks";
				PRODUCT_BUNDLE_IDENTIFIER = com.popoway.tipHelper;
				PRODUCT_NAME = "$(TARGET_NAME)";
				SWIFT_VERSION = 4.0;
				TARGETED_DEVICE_FAMILY = "1,2";
			};
			name = Release;
		};
		9201169521435EA9006EC588 /* Debug */ = {
			isa = XCBuildConfiguration;
			buildSettings = {
				ALWAYS_EMBED_SWIFT_STANDARD_LIBRARIES = YES;
				BUNDLE_LOADER = "$(TEST_HOST)";
				CODE_SIGN_STYLE = Automatic;
				DEVELOPMENT_TEAM = 6P73SRPERB;
				INFOPLIST_FILE = tipHelperTests/Info.plist;
				LD_RUNPATH_SEARCH_PATHS = "$(inherited) @executable_path/Frameworks @loader_path/Frameworks";
				PRODUCT_BUNDLE_IDENTIFIER = com.popoway.tipHelperTests;
				PRODUCT_NAME = "$(TARGET_NAME)";
				SWIFT_VERSION = 4.0;
				TARGETED_DEVICE_FAMILY = "1,2";
				TEST_HOST = "$(BUILT_PRODUCTS_DIR)/tipHelper.app/tipHelper";
			};
			name = Debug;
		};
		9201169621435EA9006EC588 /* Release */ = {
			isa = XCBuildConfiguration;
			buildSettings = {
				ALWAYS_EMBED_SWIFT_STANDARD_LIBRARIES = YES;
				BUNDLE_LOADER = "$(TEST_HOST)";
				CODE_SIGN_STYLE = Automatic;
				DEVELOPMENT_TEAM = 6P73SRPERB;
				INFOPLIST_FILE = tipHelperTests/Info.plist;
				LD_RUNPATH_SEARCH_PATHS = "$(inherited) @executable_path/Frameworks @loader_path/Frameworks";
				PRODUCT_BUNDLE_IDENTIFIER = com.popoway.tipHelperTests;
				PRODUCT_NAME = "$(TARGET_NAME)";
				SWIFT_VERSION = 4.0;
				TARGETED_DEVICE_FAMILY = "1,2";
				TEST_HOST = "$(BUILT_PRODUCTS_DIR)/tipHelper.app/tipHelper";
			};
			name = Release;
		};
		9201169821435EA9006EC588 /* Debug */ = {
			isa = XCBuildConfiguration;
			buildSettings = {
				ALWAYS_EMBED_SWIFT_STANDARD_LIBRARIES = YES;
				CODE_SIGN_STYLE = Automatic;
				DEVELOPMENT_TEAM = 6P73SRPERB;
				INFOPLIST_FILE = tipHelperUITests/Info.plist;
				LD_RUNPATH_SEARCH_PATHS = "$(inherited) @executable_path/Frameworks @loader_path/Frameworks";
				PRODUCT_BUNDLE_IDENTIFIER = com.popoway.tipHelperUITests;
				PRODUCT_NAME = "$(TARGET_NAME)";
				SWIFT_VERSION = 4.0;
				TARGETED_DEVICE_FAMILY = "1,2";
				TEST_TARGET_NAME = tipHelper;
			};
			name = Debug;
		};
		9201169921435EA9006EC588 /* Release */ = {
			isa = XCBuildConfiguration;
			buildSettings = {
				ALWAYS_EMBED_SWIFT_STANDARD_LIBRARIES = YES;
				CODE_SIGN_STYLE = Automatic;
				DEVELOPMENT_TEAM = 6P73SRPERB;
				INFOPLIST_FILE = tipHelperUITests/Info.plist;
				LD_RUNPATH_SEARCH_PATHS = "$(inherited) @executable_path/Frameworks @loader_path/Frameworks";
				PRODUCT_BUNDLE_IDENTIFIER = com.popoway.tipHelperUITests;
				PRODUCT_NAME = "$(TARGET_NAME)";
				SWIFT_VERSION = 4.0;
				TARGETED_DEVICE_FAMILY = "1,2";
				TEST_TARGET_NAME = tipHelper;
			};
			name = Release;
		};
/* End XCBuildConfiguration section */

/* Begin XCConfigurationList section */
		9201166421435EA9006EC588 /* Build configuration list for PBXProject "tipHelper" */ = {
			isa = XCConfigurationList;
			buildConfigurations = (
				9201168F21435EA9006EC588 /* Debug */,
				9201169021435EA9006EC588 /* Release */,
			);
			defaultConfigurationIsVisible = 0;
			defaultConfigurationName = Release;
		};
		9201169121435EA9006EC588 /* Build configuration list for PBXNativeTarget "tipHelper" */ = {
			isa = XCConfigurationList;
			buildConfigurations = (
				9201169221435EA9006EC588 /* Debug */,
				9201169321435EA9006EC588 /* Release */,
			);
			defaultConfigurationIsVisible = 0;
			defaultConfigurationName = Release;
		};
		9201169421435EA9006EC588 /* Build configuration list for PBXNativeTarget "tipHelperTests" */ = {
			isa = XCConfigurationList;
			buildConfigurations = (
				9201169521435EA9006EC588 /* Debug */,
				9201169621435EA9006EC588 /* Release */,
			);
			defaultConfigurationIsVisible = 0;
			defaultConfigurationName = Release;
		};
		9201169721435EA9006EC588 /* Build configuration list for PBXNativeTarget "tipHelperUITests" */ = {
			isa = XCConfigurationList;
			buildConfigurations = (
				9201169821435EA9006EC588 /* Debug */,
				9201169921435EA9006EC588 /* Release */,
			);
			defaultConfigurationIsVisible = 0;
			defaultConfigurationName = Release;
		};
/* End XCConfigurationList section */
	};
	rootObject = 9201166121435EA9006EC588 /* Project object */;
}
